Microsoft Visual Studio Solution File, Format Version 12.00
# Visual Studio Version 17
VisualStudioVersion = 17.5.2.0
MinimumVisualStudioVersion = 10.0.40219.1
Project("{FAE04EC0-301F-11D3-BF4B-00C04F79EFBC}") = "InteligyBackend", "InteligyBackend.csproj", "{7D6AFC40-B396-B645-1536-1BC064559031}"
EndProject
Global
	GlobalSection(SolutionConfigurationPlatforms) = preSolution
		Debug|Any CPU = Debug|Any CPU
		Release|Any CPU = Release|Any CPU
	EndGlobalSection
	GlobalSection(ProjectConfigurationPlatforms) = postSolution
		{7D6AFC40-B396-B645-1536-1BC064559031}.Debug|Any CPU.ActiveCfg = Debug|Any CPU
		{7D6AFC40-B396-B645-1536-1BC064559031}.Debug|Any CPU.Build.0 = Debug|Any CPU
		{7D6AFC40-B396-B645-1536-1BC064559031}.Release|Any CPU.ActiveCfg = Release|Any CPU
		{7D6AFC40-B396-B645-1536-1BC064559031}.Release|Any CPU.Build.0 = Release|Any CPU
	EndGlobalSection
	GlobalSection(SolutionProperties) = preSolution
		HideSolutionNode = FALSE
	EndGlobalSection
	GlobalSection(ExtensibilityGlobals) = postSolution
		SolutionGuid = {AA43CA09-A2CF-4363-B87B-A1367AF03A10}
	EndGlobalSection
EndGlobal
